
Microsoft Visual Studio Solution File, Format Version 12.00
# Visual Studio 2013
VisualStudioVersion = 12.0.30501.0
MinimumVisualStudioVersion = 10.0.40219.1
Project("{8BC9CEB8-8B4A-11D0-8D11-00A0C91BC942}") = "Cardirector", "Cardirector.vcxproj", "{D8C30EF3-B2EA-3BD1-BBE7-1FFC4F24D046}"
EndProject
Global
	GlobalSection(SolutionConfigurationPlatforms) = preSolution
		Debug DLL|Win32 = Debug DLL|Win32
		Debug DLL|x64 = Debug DLL|x64
		Debug SLL|Win32 = Debug SLL|Win32
		Debug SLL|x64 = Debug SLL|x64
		Release DLL|Win32 = Release DLL|Win32
		Release DLL|x64 = Release DLL|x64
		Release SLL|Win32 = Release SLL|Win32
		Release SLL|x64 = Release SLL|x64
	EndGlobalSection
	GlobalSection(ProjectConfigurationPlatforms) = postSolution
		{D8C30EF3-B2EA-3BD1-BBE7-1FFC4F24D046}.Debug DLL|Win32.ActiveCfg = Debug|Win32
		{D8C30EF3-B2EA-3BD1-BBE7-1FFC4F24D046}.Debug DLL|Win32.Build.0 = Debug|Win32
		{D8C30EF3-B2EA-3BD1-BBE7-1FFC4F24D046}.Debug DLL|x64.ActiveCfg = Debug|x64
		{D8C30EF3-B2EA-3BD1-BBE7-1FFC4F24D046}.Debug DLL|x64.Build.0 = Debug|x64
		{D8C30EF3-B2EA-3BD1-BBE7-1FFC4F24D046}.Debug SLL|Win32.ActiveCfg = Debug SLL|Win32
		{D8C30EF3-B2EA-3BD1-BBE7-1FFC4F24D046}.Debug SLL|Win32.Build.0 = Debug SLL|Win32
		{D8C30EF3-B2EA-3BD1-BBE7-1FFC4F24D046}.Debug SLL|x64.ActiveCfg = Debug SLL|x64
		{D8C30EF3-B2EA-3BD1-BBE7-1FFC4F24D046}.Debug SLL|x64.Build.0 = Debug SLL|x64
		{D8C30EF3-B2EA-3BD1-BBE7-1FFC4F24D046}.Release DLL|Win32.ActiveCfg = Release|Win32
		{D8C30EF3-B2EA-3BD1-BBE7-1FFC4F24D046}.Release DLL|Win32.Build.0 = Release|Win32
		{D8C30EF3-B2EA-3BD1-BBE7-1FFC4F24D046}.Release DLL|x64.ActiveCfg = Release|x64
		{D8C30EF3-B2EA-3BD1-BBE7-1FFC4F24D046}.Release DLL|x64.Build.0 = Release|x64
		{D8C30EF3-B2EA-3BD1-BBE7-1FFC4F24D046}.Release SLL|Win32.ActiveCfg = Release SLL|Win32
		{D8C30EF3-B2EA-3BD1-BBE7-1FFC4F24D046}.Release SLL|Win32.Build.0 = Release SLL|Win32
		{D8C30EF3-B2EA-3BD1-BBE7-1FFC4F24D046}.Release SLL|x64.ActiveCfg = Release SLL|x64
		{D8C30EF3-B2EA-3BD1-BBE7-1FFC4F24D046}.Release SLL|x64.Build.0 = Release SLL|x64
	EndGlobalSection
	GlobalSection(SolutionProperties) = preSolution
		HideSolutionNode = FALSE
	EndGlobalSection
EndGlobal
